{
  "requires": true,
  "lockfileVersion": 1,
  "dependencies": {
    "vue-fb-customer-chat": {
      "version": "0.2.0",
      "resolved": "https://registry.npmjs.org/vue-fb-customer-chat/-/vue-fb-customer-chat-0.2.0.tgz",
      "integrity": "sha512-Nk51oAGgBFHYRakUQCw9Un64Y4qY4SAX2mQLpXCrCFQseVA9OOI9K/KLhmYRhd33Ar/maZeZh/0ziHilStHZkQ=="
    }
  }
}
